
Microsoft Visual Studio Solution File, Format Version 12.00
# Visual Studio Version 17
VisualStudioVersion = 17.3.32922.545
MinimumVisualStudioVersion = 10.0.40219.1
Project("{8BC9CEB8-8B4A-11D0-8D11-00A0C91BC942}") = "6.2 rekur", "6.2 rekur\6.2 rekur.vcxproj", "{F9DFF348-A55C-41DD-8E8C-67AC1DE9DE1D}"
EndProject
Global
	GlobalSection(SolutionConfigurationPlatforms) = preSolution
		Debug|x64 = Debug|x64
		Debug|x86 = Debug|x86
		Release|x64 = Release|x64
		Release|x86 = Release|x86
	EndGlobalSection
	GlobalSection(ProjectConfigurationPlatforms) = postSolution
		{F9DFF348-A55C-41DD-8E8C-67AC1DE9DE1D}.Debug|x64.ActiveCfg = Debug|x64
		{F9DFF348-A55C-41DD-8E8C-67AC1DE9DE1D}.Debug|x64.Build.0 = Debug|x64
		{F9DFF348-A55C-41DD-8E8C-67AC1DE9DE1D}.Debug|x86.ActiveCfg = Debug|Win32
		{F9DFF348-A55C-41DD-8E8C-67AC1DE9DE1D}.Debug|x86.Build.0 = Debug|Win32
		{F9DFF348-A55C-41DD-8E8C-67AC1DE9DE1D}.Release|x64.ActiveCfg = Release|x64
		{F9DFF348-A55C-41DD-8E8C-67AC1DE9DE1D}.Release|x64.Build.0 = Release|x64
		{F9DFF348-A55C-41DD-8E8C-67AC1DE9DE1D}.Release|x86.ActiveCfg = Release|Win32
		{F9DFF348-A55C-41DD-8E8C-67AC1DE9DE1D}.Release|x86.Build.0 = Release|Win32
	EndGlobalSection
	GlobalSection(SolutionProperties) = preSolution
		HideSolutionNode = FALSE
	EndGlobalSection
	GlobalSection(ExtensibilityGlobals) = postSolution
		SolutionGuid = {4CCDE267-6DA5-4F2F-9C70-825E8EBC365A}
	EndGlobalSection
EndGlobal
